
Microsoft Visual Studio Solution File, Format Version 12.00
# Visual Studio Version 17
VisualStudioVersion = 17.11.35327.3
MinimumVisualStudioVersion = 10.0.40219.1
Project("{9A19103F-16F7-4668-BE54-9A1E7A4F7556}") = "AIChatBot", "AIChatBot\AIChatBot.csproj", "{02A7C0B8-0B3F-4740-A5AD-C2C39B83B876}"
EndProject
Global
	GlobalSection(SolutionConfigurationPlatforms) = preSolution
		Debug|Any CPU = Debug|Any CPU
		Release|Any CPU = Release|Any CPU
	EndGlobalSection
	GlobalSection(ProjectConfigurationPlatforms) = postSolution
		{02A7C0B8-0B3F-4740-A5AD-C2C39B83B876}.Debug|Any CPU.ActiveCfg = Debug|Any CPU
		{02A7C0B8-0B3F-4740-A5AD-C2C39B83B876}.Debug|Any CPU.Build.0 = Debug|Any CPU
		{02A7C0B8-0B3F-4740-A5AD-C2C39B83B876}.Release|Any CPU.ActiveCfg = Release|Any CPU
		{02A7C0B8-0B3F-4740-A5AD-C2C39B83B876}.Release|Any CPU.Build.0 = Release|Any CPU
	EndGlobalSection
	GlobalSection(SolutionProperties) = preSolution
		HideSolutionNode = FALSE
	EndGlobalSection
	GlobalSection(ExtensibilityGlobals) = postSolution
		SolutionGuid = {47F220CF-568E-480D-AF3E-4F918B0E99B8}
	EndGlobalSection
EndGlobal
